version = 1
requires-python = ">=3.12"

[[package]]
name = "pdfminer"
version = "20191125"
source = { registry = "https://pypi.org/simple" }
dependencies = [
    { name = "pycryptodome" },
]
sdist = { url = "https://files.pythonhosted.org/packages/71/a3/155c5cde5f9c0b1069043b2946a93f54a41fd72cc19c6c100f6f2f5bdc15/pdfminer-20191125.tar.gz", hash = "sha256:9e700bc731300ed5c8936343c1dd4529638184198e54e91dd2b59b64a755dc01", size = 4173248 }

[[package]]
name = "pycryptodome"
version = "3.21.0"
source = { registry = "https://pypi.org/simple" }
sdist = { url = "https://files.pythonhosted.org/packages/13/52/13b9db4a913eee948152a079fe58d035bd3d1a519584155da8e786f767e6/pycryptodome-3.21.0.tar.gz", hash = "sha256:f7787e0d469bdae763b876174cf2e6c0f7be79808af26b1da96f1a64bcf47297", size = 4818071 }
wheels = [
    { url = "https://files.pythonhosted.org/packages/a7/88/5e83de10450027c96c79dc65ac45e9d0d7a7fef334f39d3789a191f33602/pycryptodome-3.21.0-cp36-abi3-macosx_10_9_universal2.whl", hash = "sha256:2480ec2c72438430da9f601ebc12c518c093c13111a5c1644c82cdfc2e50b1e4", size = 2495937 },
    { url = "https://files.pythonhosted.org/packages/66/e1/8f28cd8cf7f7563319819d1e172879ccce2333781ae38da61c28fe22d6ff/pycryptodome-3.21.0-cp36-abi3-macosx_10_9_x86_64.whl", hash = "sha256:de18954104667f565e2fbb4783b56667f30fb49c4d79b346f52a29cb198d5b6b", size = 1634629 },
    { url = "https://files.pythonhosted.org/packages/6a/c1/f75a1aaff0c20c11df8dc8e2bf8057e7f73296af7dfd8cbb40077d1c930d/pycryptodome-3.21.0-cp36-abi3-manylinux_2_17_aarch64.manylinux2014_aarch64.whl", hash = "sha256:2de4b7263a33947ff440412339cb72b28a5a4c769b5c1ca19e33dd6cd1dcec6e", size = 2168708 },
    { url = "https://files.pythonhosted.org/packages/ea/66/6f2b7ddb457b19f73b82053ecc83ba768680609d56dd457dbc7e902c41aa/pycryptodome-3.21.0-cp36-abi3-manylinux_2_17_x86_64.manylinux2014_x86_64.whl", hash = "sha256:0714206d467fc911042d01ea3a1847c847bc10884cf674c82e12915cfe1649f8", size = 2254555 },
    { url = "https://files.pythonhosted.org/packages/2c/2b/152c330732a887a86cbf591ed69bd1b489439b5464806adb270f169ec139/pycryptodome-3.21.0-cp36-abi3-manylinux_2_5_i686.manylinux1_i686.manylinux_2_17_i686.manylinux2014_i686.whl", hash = "sha256:7d85c1b613121ed3dbaa5a97369b3b757909531a959d229406a75b912dd51dd1", size = 2294143 },
    { url = "https://files.pythonhosted.org/packages/55/92/517c5c498c2980c1b6d6b9965dffbe31f3cd7f20f40d00ec4069559c5902/pycryptodome-3.21.0-cp36-abi3-musllinux_1_1_aarch64.whl", hash = "sha256:8898a66425a57bcf15e25fc19c12490b87bd939800f39a03ea2de2aea5e3611a", size = 2160509 },
    { url = "https://files.pythonhosted.org/packages/39/1f/c74288f54d80a20a78da87df1818c6464ac1041d10988bb7d982c4153fbc/pycryptodome-3.21.0-cp36-abi3-musllinux_1_2_i686.whl", hash = "sha256:932c905b71a56474bff8a9c014030bc3c882cee696b448af920399f730a650c2", size = 2329480 },
    { url = "https://files.pythonhosted.org/packages/39/1b/d0b013bf7d1af7cf0a6a4fce13f5fe5813ab225313755367b36e714a63f8/pycryptodome-3.21.0-cp36-abi3-musllinux_1_2_x86_64.whl", hash = "sha256:18caa8cfbc676eaaf28613637a89980ad2fd96e00c564135bf90bc3f0b34dd93", size = 2254397 },
    { url = "https://files.pythonhosted.org/packages/14/71/4cbd3870d3e926c34706f705d6793159ac49d9a213e3ababcdade5864663/pycryptodome-3.21.0-cp36-abi3-win32.whl", hash = "sha256:280b67d20e33bb63171d55b1067f61fbd932e0b1ad976b3a184303a3dad22764", size = 1775641 },
    { url = "https://files.pythonhosted.org/packages/43/1d/81d59d228381576b92ecede5cd7239762c14001a828bdba30d64896e9778/pycryptodome-3.21.0-cp36-abi3-win_amd64.whl", hash = "sha256:b7aa25fc0baa5b1d95b7633af4f5f1838467f1815442b22487426f94e0d66c53", size = 1812863 },
]

[[package]]
name = "pymupdf"
version = "1.25.2"
source = { registry = "https://pypi.org/simple" }
sdist = { url = "https://files.pythonhosted.org/packages/40/fc/dd8776dc5c2f8cf0e51cf81a5f1de3840996bed7ca03ec768b0733024fb9/pymupdf-1.25.2.tar.gz", hash = "sha256:9ea88ff1b3ccb359620f106a6fd5ba6877d959d21d78272052c3496ceede6eec", size = 63814915 }
wheels = [
    { url = "https://files.pythonhosted.org/packages/24/34/8c3d82719d118beb48fded78fcab7cbe9ac3bf1906dc87a9ca4fd950087d/pymupdf-1.25.2-cp39-abi3-macosx_10_9_x86_64.whl", hash = "sha256:59dea22b633cc4fc13670b4c5db50d71f8cd4f420814420f33ce47ddcb61e1f6", size = 19336722 },
    { url = "https://files.pythonhosted.org/packages/4f/ec/c7f742f56ee42be27b3afdbf3364da12f03e309f6638e666a7816d9eef23/pymupdf-1.25.2-cp39-abi3-macosx_11_0_arm64.whl", hash = "sha256:e8b8a874497cd0deee89a6a4fb76a3a08173c8d39e88fc7cf715764ec5a243e9", size = 18570847 },
    { url = "https://files.pythonhosted.org/packages/9d/27/557ee235aded5185e4824459e1540142fbb9323e1b83f77cbefe2e2c4e1e/pymupdf-1.25.2-cp39-abi3-manylinux2014_aarch64.manylinux_2_17_aarch64.whl", hash = "sha256:f61e5cdb25b86eb28d34aa3557b49ecf9e361d5f5cd3b1660406f8f0bf813af7", size = 19430802 },
    { url = "https://files.pythonhosted.org/packages/0e/de/35fde3d49e0d187b95ab64cc61b4d275ebc7fd4f45e152b206b0e17e6b69/pymupdf-1.25.2-cp39-abi3-manylinux2014_x86_64.manylinux_2_17_x86_64.whl", hash = "sha256:ae8cfa7a97d78f813d286ecba32369059d88073edd1e5cf105f4cd0811f71925", size = 19994315 },
    { url = "https://files.pythonhosted.org/packages/9d/d3/a8a09b550c62306c76e1c2d892c0890287470164d7941aea35330cceee4d/pymupdf-1.25.2-cp39-abi3-musllinux_1_2_x86_64.whl", hash = "sha256:295505fe1ecb7c7b57d4124d373e207ea311d8e40bc7ac3016d8ec2d60b091e9", size = 21117143 },
    { url = "https://files.pythonhosted.org/packages/ef/ac/fc4f37c7620a20d25443868ed665291e96f283eda068cda673e9edebf5f0/pymupdf-1.25.2-cp39-abi3-win32.whl", hash = "sha256:b9488c8b82bb9be36fb13ee0c8d43b0ddcc50af83b61da01e6040413d9e67da6", size = 15084555 },
    { url = "https://files.pythonhosted.org/packages/64/8e/1d0ff215b37343c7e0bec4d571f1413e4f76a416591276b97081f1814710/pymupdf-1.25.2-cp39-abi3-win_amd64.whl", hash = "sha256:1b4ca6f5780d319a08dff885a5a0e3585c5d7af04dcfa063c535b88371fd91c1", size = 16531823 },
]

[[package]]
name = "ruff"
version = "0.9.4"
source = { registry = "https://pypi.org/simple" }
sdist = { url = "https://files.pythonhosted.org/packages/c0/17/529e78f49fc6f8076f50d985edd9a2cf011d1dbadb1cdeacc1d12afc1d26/ruff-0.9.4.tar.gz", hash = "sha256:6907ee3529244bb0ed066683e075f09285b38dd5b4039370df6ff06041ca19e7", size = 3599458 }
wheels = [
    { url = "https://files.pythonhosted.org/packages/b6/f8/3fafb7804d82e0699a122101b5bee5f0d6e17c3a806dcbc527bb7d3f5b7a/ruff-0.9.4-py3-none-linux_armv6l.whl", hash = "sha256:64e73d25b954f71ff100bb70f39f1ee09e880728efb4250c632ceed4e4cdf706", size = 11668400 },
    { url = "https://files.pythonhosted.org/packages/2e/a6/2efa772d335da48a70ab2c6bb41a096c8517ca43c086ea672d51079e3d1f/ruff-0.9.4-py3-none-macosx_10_12_x86_64.whl", hash = "sha256:6ce6743ed64d9afab4fafeaea70d3631b4d4b28b592db21a5c2d1f0ef52934bf", size = 11628395 },
    { url = "https://files.pythonhosted.org/packages/dc/d7/cd822437561082f1c9d7225cc0d0fbb4bad117ad7ac3c41cd5d7f0fa948c/ruff-0.9.4-py3-none-macosx_11_0_arm64.whl", hash = "sha256:54499fb08408e32b57360f6f9de7157a5fec24ad79cb3f42ef2c3f3f728dfe2b", size = 11090052 },
    { url = "https://files.pythonhosted.org/packages/9e/67/3660d58e893d470abb9a13f679223368ff1684a4ef40f254a0157f51b448/ruff-0.9.4-py3-none-manylinux_2_17_aarch64.manylinux2014_aarch64.whl", hash = "sha256:37c892540108314a6f01f105040b5106aeb829fa5fb0561d2dcaf71485021137", size = 11882221 },
    { url = "https://files.pythonhosted.org/packages/79/d1/757559995c8ba5f14dfec4459ef2dd3fcea82ac43bc4e7c7bf47484180c0/ruff-0.9.4-py3-none-manylinux_2_17_armv7l.manylinux2014_armv7l.whl", hash = "sha256:de9edf2ce4b9ddf43fd93e20ef635a900e25f622f87ed6e3047a664d0e8f810e", size = 11424862 },
    { url = "https://files.pythonhosted.org/packages/c0/96/7915a7c6877bb734caa6a2af424045baf6419f685632469643dbd8eb2958/ruff-0.9.4-py3-none-manylinux_2_17_i686.manylinux2014_i686.whl", hash = "sha256:87c90c32357c74f11deb7fbb065126d91771b207bf9bfaaee01277ca59b574ec", size = 12626735 },
    { url = "https://files.pythonhosted.org/packages/0e/cc/dadb9b35473d7cb17c7ffe4737b4377aeec519a446ee8514123ff4a26091/ruff-0.9.4-py3-none-manylinux_2_17_ppc64.manylinux2014_ppc64.whl", hash = "sha256:56acd6c694da3695a7461cc55775f3a409c3815ac467279dfa126061d84b314b", size = 13255976 },
    { url = "https://files.pythonhosted.org/packages/5f/c3/ad2dd59d3cabbc12df308cced780f9c14367f0321e7800ca0fe52849da4c/ruff-0.9.4-py3-none-manylinux_2_17_ppc64le.manylinux2014_ppc64le.whl", hash = "sha256:e0c93e7d47ed951b9394cf352d6695b31498e68fd5782d6cbc282425655f687a", size = 12752262 },
    { url = "https://files.pythonhosted.org/packages/c7/17/5f1971e54bd71604da6788efd84d66d789362b1105e17e5ccc53bba0289b/ruff-0.9.4-py3-none-manylinux_2_17_s390x.manylinux2014_s390x.whl", hash = "sha256:1d4c8772670aecf037d1bf7a07c39106574d143b26cfe5ed1787d2f31e800214", size = 14401648 },
    { url = "https://files.pythonhosted.org/packages/30/24/6200b13ea611b83260501b6955b764bb320e23b2b75884c60ee7d3f0b68e/ruff-0.9.4-py3-none-manylinux_2_17_x86_64.manylinux2014_x86_64.whl", hash = "sha256:bfc5f1d7afeda8d5d37660eeca6d389b142d7f2b5a1ab659d9214ebd0e025231", size = 12414702 },
    { url = "https://files.pythonhosted.org/packages/34/cb/f5d50d0c4ecdcc7670e348bd0b11878154bc4617f3fdd1e8ad5297c0d0ba/ruff-0.9.4-py3-none-musllinux_1_2_aarch64.whl", hash = "sha256:faa935fc00ae854d8b638c16a5f1ce881bc3f67446957dd6f2af440a5fc8526b", size = 11859608 },
    { url = "https://files.pythonhosted.org/packages/d6/f4/9c8499ae8426da48363bbb78d081b817b0f64a9305f9b7f87eab2a8fb2c1/ruff-0.9.4-py3-none-musllinux_1_2_armv7l.whl", hash = "sha256:a6c634fc6f5a0ceae1ab3e13c58183978185d131a29c425e4eaa9f40afe1e6d6", size = 11485702 },
    { url = "https://files.pythonhosted.org/packages/18/59/30490e483e804ccaa8147dd78c52e44ff96e1c30b5a95d69a63163cdb15b/ruff-0.9.4-py3-none-musllinux_1_2_i686.whl", hash = "sha256:433dedf6ddfdec7f1ac7575ec1eb9844fa60c4c8c2f8887a070672b8d353d34c", size = 12067782 },
    { url = "https://files.pythonhosted.org/packages/3d/8c/893fa9551760b2f8eb2a351b603e96f15af167ceaf27e27ad873570bc04c/ruff-0.9.4-py3-none-musllinux_1_2_x86_64.whl", hash = "sha256:d612dbd0f3a919a8cc1d12037168bfa536862066808960e0cc901404b77968f0", size = 12483087 },
    { url = "https://files.pythonhosted.org/packages/23/15/f6751c07c21ca10e3f4a51ea495ca975ad936d780c347d9808bcedbd7182/ruff-0.9.4-py3-none-win32.whl", hash = "sha256:db1192ddda2200671f9ef61d9597fcef89d934f5d1705e571a93a67fb13a4402", size = 9852302 },
    { url = "https://files.pythonhosted.org/packages/12/41/2d2d2c6a72e62566f730e49254f602dfed23019c33b5b21ea8f8917315a1/ruff-0.9.4-py3-none-win_amd64.whl", hash = "sha256:05bebf4cdbe3ef75430d26c375773978950bbf4ee3c95ccb5448940dc092408e", size = 10850051 },
    { url = "https://files.pythonhosted.org/packages/c6/e6/3d6ec3bc3d254e7f005c543a661a41c3e788976d0e52a1ada195bd664344/ruff-0.9.4-py3-none-win_arm64.whl", hash = "sha256:585792f1e81509e38ac5123492f8875fbc36f3ede8185af0a26df348e5154f41", size = 10078251 },
]

[[package]]
name = "trash-alert"
version = "0.1.0"
source = { virtual = "." }
dependencies = [
    { name = "pdfminer" },
    { name = "pymupdf" },
]

[package.dev-dependencies]
dev = [
    { name = "ruff" },
]

[package.metadata]
requires-dist = [
    { name = "pdfminer", specifier = ">=20191125" },
    { name = "pymupdf", specifier = ">=1.25.2" },
]

[package.metadata.requires-dev]
dev = [{ name = "ruff", specifier = ">=0.9.4" }]
